Microsoft Visual Studio Solution File, Format Version 12.00
# Visual Studio 2012
Project("{FAE04EC0-301F-11D3-BF4B-00C04F79EFBC}") = "Boids Simulation", "Boids Simulation.csproj", "{2E591A65-9FB2-41CB-97E0-8F6CD50882FF}"
EndProject
Global
	GlobalSection(SolutionConfigurationPlatforms) = preSolution
	Debug|Any CPU = Debug|Any CPU
	ExportDebug|Any CPU = ExportDebug|Any CPU
	ExportRelease|Any CPU = ExportRelease|Any CPU
	EndGlobalSection
	GlobalSection(ProjectConfigurationPlatforms) = postSolution
		{2E591A65-9FB2-41CB-97E0-8F6CD50882FF}.Debug|Any CPU.ActiveCfg = Debug|Any CPU
		{2E591A65-9FB2-41CB-97E0-8F6CD50882FF}.Debug|Any CPU.Build.0 = Debug|Any CPU
		{2E591A65-9FB2-41CB-97E0-8F6CD50882FF}.ExportDebug|Any CPU.ActiveCfg = ExportDebug|Any CPU
		{2E591A65-9FB2-41CB-97E0-8F6CD50882FF}.ExportDebug|Any CPU.Build.0 = ExportDebug|Any CPU
		{2E591A65-9FB2-41CB-97E0-8F6CD50882FF}.ExportRelease|Any CPU.ActiveCfg = ExportRelease|Any CPU
		{2E591A65-9FB2-41CB-97E0-8F6CD50882FF}.ExportRelease|Any CPU.Build.0 = ExportRelease|Any CPU
	EndGlobalSection
EndGlobal
